github.com/eclipse/paho.mqtt.golang v1.5.1 h1:/VSOv3oDLlpqR2Epjn1Q7b2bSTplJIeV2ISgCl2W7nE=
github.com/eclipse/paho.mqtt.golang v1.5.1/go.mod h1:1/yJCneuyOoCOzKSsOTUc0AJfpsItBGWvYpBLimhArU=
github.com/gorilla/websocket v1.5.3 h1:saDtZ6Pbx/0u+bgYQ3q96pZgCzfhKXGPqt7kZ72aNNg=
github.com/gorilla/websocket v1.5.3/go.mod h1:YR8l580nyteQvAITg2hZ9XVh4b55+EU/adAjf1fMHhE=
github.com/sirupsen/logrus v1.10.1 h1:xi4336Zh11WpU14fXR6I67V3yaTPQYwRx2WEtHbRg4Q=
github.com/sirupsen/logrus v1.10.1/go.mod h1:vsQHnG7xzNsxk3NrwboUiWPnIC3dmbjcGPykD7+tiHk=
github.com/stretchr/testify v1.12.0 h1:K6Mr6jO9JICuend/5xzTM03ydSV3vdNRYAdPSukj8uI=
github.com/stretchr/testify v1.12.0/go.mod h1:bOYBZb5qJ00vPzWfIqBUZPaxK8jWiXc6d3ErP4Ca9Gw=
golang.org/x/net v0.55.0 h1:bcvxaJn3e1U6InsFWt1JUq1aSjnRxLzT2rtD2KfkDF8=
golang.org/x/net v0.55.0/go.mod h1:L5U2KuzuOe1lY7Z+aWVIKK6qEeJXnXV9yzGA+WCHJww=
golang.org/x/sync v0.20.0 h1:e0PTpb7pjO8GAtTs2dQ6jYa5BWYlMuX047Dco/pItO4=
golang.org/x/sync v0.20.0/go.mod h1:9xrNwdLfx4jkKbNva9FpL6vEN7evnE43NNNJQ2LF3+0=
golang.org/x/sys v0.45.0 h1:dO4czNzziLiiXplLQgBCEpCvXQ3dnkn0SdaZSYdQ+FY=
golang.org/x/sys v0.45.0/go.mod h1:4GL1E5IUh+htKOUEOaiffhrAeqysfVGipDYzABqnCmw=
gopkg.in/yaml.v3 v3.0.1 h1:fxVm/GzAzEWqLHuvctI91KS9hhNmmWOoWu0XTYJS7CA=
gopkg.in/yaml.v3 v3.0.1/go.mod h1:K4uyk7z7BCEPqu6E+C64Yfv1cQ7kz7rIZviUmN+EgEM=
